
Microsoft Visual Studio Solution File, Format Version 12.00
# Visual Studio for Mac
Project("{FAE04EC0-301F-11D3-BF4B-00C04F79EFBC}") = "Assembly-CSharp", "Assembly-CSharp.csproj", "{CF38BD74-3B94-12DB-116B-379A3926C2A3}"
EndProject
Global
	GlobalSection(SolutionConfigurationPlatforms) = preSolution
		Debug|Any CPU = Debug|Any CPU
		Release|Any CPU = Release|Any CPU
	EndGlobalSection
	GlobalSection(ProjectConfigurationPlatforms) = postSolution
		{CF38BD74-3B94-12DB-116B-379A3926C2A3}.Debug|Any CPU.ActiveCfg = Debug|Any CPU
		{CF38BD74-3B94-12DB-116B-379A3926C2A3}.Debug|Any CPU.Build.0 = Debug|Any CPU
		{CF38BD74-3B94-12DB-116B-379A3926C2A3}.Release|Any CPU.ActiveCfg = Release|Any CPU
		{CF38BD74-3B94-12DB-116B-379A3926C2A3}.Release|Any CPU.Build.0 = Release|Any CPU
	EndGlobalSection
	GlobalSection(SolutionProperties) = preSolution
		HideSolutionNode = FALSE
	EndGlobalSection
EndGlobal
